// !$*UTF8*$!
{
	archiveVersion = 1;
	classes = {
	};
	objectVersion = 55;
	objects = {

/* Begin PBXBuildFile section */
		E6B3AD4A27AD600800A77D49 /* AppDelegate.swift in Sources */ = {isa = PBXBuildFile; fileRef = E6B3AD4927AD600800A77D49 /* AppDelegate.swift */; };
		E6B3AD4C27AD600800A77D49 /* SceneDelegate.swift in Sources */ = {isa = PBXBuildFile; fileRef = E6B3AD4B27AD600800A77D49 /* SceneDelegate.swift */; };
		E6B3AD4E27AD600800A77D49 /* MoviesViewController.swift in Sources */ = {isa = PBXBuildFile; fileRef = E6B3AD4D27AD600800A77D49 /* MoviesViewController.swift */; };
		E6B3AD5427AD600800A77D49 /* Movies.xcdatamodeld in Sources */ = {isa = PBXBuildFile; fileRef = E6B3AD5227AD600800A77D49 /* Movies.xcdatamodeld */; };
		E6B3AD5627AD600900A77D49 /* Assets.xcassets in Resources */ = {isa = PBXBuildFile; fileRef = E6B3AD5527AD600900A77D49 /* Assets.xcassets */; };
		E6B3AD5927AD600900A77D49 /* LaunchScreen.storyboard in Resources */ = {isa = PBXBuildFile; fileRef = E6B3AD5727AD600900A77D49 /* LaunchScreen.storyboard */; };
		E6B3AD6427AD600A00A77D49 /* MoviesTests.swift in Sources */ = {isa = PBXBuildFile; fileRef = E6B3AD6327AD600A00A77D49 /* MoviesTests.swift */; };
		E6B3AD6E27AD600A00A77D49 /* MoviesUITests.swift in Sources */ = {isa = PBXBuildFile; fileRef = E6B3AD6D27AD600A00A77D49 /* MoviesUITests.swift */; };
		E6B3AD7027AD600A00A77D49 /* MoviesUITestsLaunchTests.swift in Sources */ = {isa = PBXBuildFile; fileRef = E6B3AD6F27AD600A00A77D49 /* MoviesUITestsLaunchTests.swift */; };
		E6B3AD7E27AD605500A77D49 /* Kingfisher in Frameworks */ = {isa = PBXBuildFile; productRef = E6B3AD7D27AD605500A77D49 /* Kingfisher */; };
		E6B3AD8027AD60EC00A77D49 /* Main.storyboard in Resources */ = {isa = PBXBuildFile; fileRef = E6B3AD7F27AD60EC00A77D49 /* Main.storyboard */; };
		E6B3AD8827AD622500A77D49 /* MovieTableViewCell.swift in Sources */ = {isa = PBXBuildFile; fileRef = E6B3AD8727AD622500A77D49 /* MovieTableViewCell.swift */; };
		E6B3AD8A27AD624D00A77D49 /* MovieDetailsViewController.swift in Sources */ = {isa = PBXBuildFile; fileRef = E6B3AD8927AD624D00A77D49 /* MovieDetailsViewController.swift */; };
		E6B3AD8C27AD627600A77D49 /* MoviesViewModel.swift in Sources */ = {isa = PBXBuildFile; fileRef = E6B3AD8B27AD627600A77D49 /* MoviesViewModel.swift */; };
		E6B3AD8E27AD62B800A77D49 /* MovieDetailsViewModel.swift in Sources */ = {isa = PBXBuildFile; fileRef = E6B3AD8D27AD62B800A77D49 /* MovieDetailsViewModel.swift */; };
		E6B3AD9027AD62E300A77D49 /* SearchBar+Extension.swift in Sources */ = {isa = PBXBuildFile; fileRef = E6B3AD8F27AD62E300A77D49 /* SearchBar+Extension.swift */; };
		E6B3AD9227AD630000A77D49 /* Reachability.swift in Sources */ = {isa = PBXBuildFile; fileRef = E6B3AD9127AD630000A77D49 /* Reachability.swift */; };
		E6B3AD9527AD634100A77D49 /* Controller+Extension.swift in Sources */ = {isa = PBXBuildFile; fileRef = E6B3AD9427AD634100A77D49 /* Controller+Extension.swift */; };
		E6B3AD9727AD638A00A77D49 /* NetworkManager.swift in Sources */ = {isa = PBXBuildFile; fileRef = E6B3AD9627AD638A00A77D49 /* NetworkManager.swift */; };
		E6B3AD9927AD639F00A77D49 /* Movie.swift in Sources */ = {isa = PBXBuildFile; fileRef = E6B3AD9827AD639F00A77D49 /* Movie.swift */; };
		E6B3AD9B27AD63B800A77D49 /* ApiRequest.swift in Sources */ = {isa = PBXBuildFile; fileRef = E6B3AD9A27AD63B800A77D49 /* ApiRequest.swift */; };
		E6B3AD9D27AD63E800A77D49 /* ServiceError.swift in Sources */ = {isa = PBXBuildFile; fileRef = E6B3AD9C27AD63E800A77D49 /* ServiceError.swift */; };
		E6B3AD9F27AD640F00A77D49 /* URLRequest+Extension.swift in Sources */ = {isa = PBXBuildFile; fileRef = E6B3AD9E27AD640F00A77D49 /* URLRequest+Extension.swift */; };
		E6B3ADA127AD651A00A77D49 /* EndPoints.swift in Sources */ = {isa = PBXBuildFile; fileRef = E6B3ADA027AD651A00A77D49 /* EndPoints.swift */; };
		E6B3ADA327AD6B2400A77D49 /* CoreDataManager.swift in Sources */ = {isa = PBXBuildFile; fileRef = E6B3ADA227AD6B2400A77D49 /* CoreDataManager.swift */; };
		E6B3ADA527AD6B5200A77D49 /* MovieCoreDataRepository.swift in Sources */ = {isa = PBXBuildFile; fileRef = E6B3ADA427AD6B5200A77D49 /* MovieCoreDataRepository.swift */; };
		E6B3ADA827AD6CB200A77D49 /* MovieRepository.swift in Sources */ = {isa = PBXBuildFile; fileRef = E6B3ADA727AD6CB200A77D49 /* MovieRepository.swift */; };
		E6B3ADAA27AD6D3C00A77D49 /* MoviesResponse.swift in Sources */ = {isa = PBXBuildFile; fileRef = E6B3ADA927AD6D3C00A77D49 /* MoviesResponse.swift */; };
		E6B3ADAF27AD84E900A77D49 /* MockNetworkManager.swift in Sources */ = {isa = PBXBuildFile; fileRef = E6B3ADAE27AD84E900A77D49 /* MockNetworkManager.swift */; };
		E6B3ADB127AD850700A77D49 /* MockCoreDataRepository.swift in Sources */ = {isa = PBXBuildFile; fileRef = E6B3ADB027AD850700A77D49 /* MockCoreDataRepository.swift */; };
		E6B3ADB727AD9EDA00A77D49 /* movie_success.json in Resources */ = {isa = PBXBuildFile; fileRef = E6B3ADAD27AD84A100A77D49 /* movie_success.json */; };
/* End PBXBuildFile section */

/* Begin PBXContainerItemProxy section */
		E6B3AD6027AD600A00A77D49 /* PBXContainerItemProxy */ = {
			isa = PBXContainerItemProxy;
			containerPortal = E6B3AD3E27AD600800A77D49 /* Project object */;
			proxyType = 1;
			remoteGlobalIDString = E6B3AD4527AD600800A77D49;
			remoteInfo = Movies;
		};
		E6B3AD6A27AD600A00A77D49 /* PBXContainerItemProxy */ = {
			isa = PBXContainerItemProxy;
			containerPortal = E6B3AD3E27AD600800A77D49 /* Project object */;
			proxyType = 1;
			remoteGlobalIDString = E6B3AD4527AD600800A77D49;
			remoteInfo = Movies;
		};
/* End PBXContainerItemProxy section */

/* Begin PBXFileReference section */
		E6B3AD4627AD600800A77D49 /* Movies.app */ = {isa = PBXFileReference; explicitFileType = wrapper.application; includeInIndex = 0; path = Movies.app; sourceTree = BUILT_PRODUCTS_DIR; };
		E6B3AD4927AD600800A77D49 /* AppDelegate.swift */ = {isa = PBXFileReference; lastKnownFileType = sourcecode.swift; path = AppDelegate.swift; sourceTree = "<group>"; };
		E6B3AD4B27AD600800A77D49 /* SceneDelegate.swift */ = {isa = PBXFileReference; lastKnownFileType = sourcecode.swift; path = SceneDelegate.swift; sourceTree = "<group>"; };
		E6B3AD4D27AD600800A77D49 /* MoviesViewController.swift */ = {isa = PBXFileReference; lastKnownFileType = sourcecode.swift; path = MoviesViewController.swift; sourceTree = "<group>"; };
		E6B3AD5327AD600800A77D49 /* Movies.xcdatamodel */ = {isa = PBXFileReference; lastKnownFileType = wrapper.xcdatamodel; path = Movies.xcdatamodel; sourceTree = "<group>"; };
		E6B3AD5527AD600900A77D49 /* Assets.xcassets */ = {isa = PBXFileReference; lastKnownFileType = folder.assetcatalog; path = Assets.xcassets; sourceTree = "<group>"; };
		E6B3AD5827AD600900A77D49 /* Base */ = {isa = PBXFileReference; lastKnownFileType = file.storyboard; name = Base; path = Base.lproj/LaunchScreen.storyboard; sourceTree = "<group>"; };
		E6B3AD5A27AD600900A77D49 /* Info.plist */ = {isa = PBXFileReference; lastKnownFileType = text.plist.xml; path = Info.plist; sourceTree = "<group>"; };
		E6B3AD5F27AD600A00A77D49 /* MoviesTests.xctest */ = {isa = PBXFileReference; explicitFileType = wrapper.cfbundle; includeInIndex = 0; path = MoviesTests.xctest; sourceTree = BUILT_PRODUCTS_DIR; };
		E6B3AD6327AD600A00A77D49 /* MoviesTests.swift */ = {isa = PBXFileReference; lastKnownFileType = sourcecode.swift; path = MoviesTests.swift; sourceTree = "<group>"; };
		E6B3AD6927AD600A00A77D49 /* MoviesUITests.xctest */ = {isa = PBXFileReference; explicitFileType = wrapper.cfbundle; includeInIndex = 0; path = MoviesUITests.xctest; sourceTree = BUILT_PRODUCTS_DIR; };
		E6B3AD6D27AD600A00A77D49 /* MoviesUITests.swift */ = {isa = PBXFileReference; lastKnownFileType = sourcecode.swift; path = MoviesUITests.swift; sourceTree = "<group>"; };
		E6B3AD6F27AD600A00A77D49 /* MoviesUITestsLaunchTests.swift */ = {isa = PBXFileReference; lastKnownFileType = sourcecode.swift; path = MoviesUITestsLaunchTests.swift; sourceTree = "<group>"; };
		E6B3AD7F27AD60EC00A77D49 /* Main.storyboard */ = {isa = PBXFileReference; fileEncoding = 4; lastKnownFileType = file.storyboard; path = Main.storyboard; sourceTree = "<group>"; };
		E6B3AD8727AD622500A77D49 /* MovieTableViewCell.swift */ = {isa = PBXFileReference; lastKnownFileType = sourcecode.swift; path = MovieTableViewCell.swift; sourceTree = "<group>"; };
		E6B3AD8927AD624D00A77D49 /* MovieDetailsViewController.swift */ = {isa = PBXFileReference; lastKnownFileType = sourcecode.swift; path = MovieDetailsViewController.swift; sourceTree = "<group>"; };
		E6B3AD8B27AD627600A77D49 /* MoviesViewModel.swift */ = {isa = PBXFileReference; lastKnownFileType = sourcecode.swift; path = MoviesViewModel.swift; sourceTree = "<group>"; };
		E6B3AD8D27AD62B800A77D49 /* MovieDetailsViewModel.swift */ = {isa = PBXFileReference; lastKnownFileType = sourcecode.swift; path = MovieDetailsViewModel.swift; sourceTree = "<group>"; };
		E6B3AD8F27AD62E300A77D49 /* SearchBar+Extension.swift */ = {isa = PBXFileReference; lastKnownFileType = sourcecode.swift; path = "SearchBar+Extension.swift"; sourceTree = "<group>"; };
		E6B3AD9127AD630000A77D49 /* Reachability.swift */ = {isa = PBXFileReference; lastKnownFileType = sourcecode.swift; path = Reachability.swift; sourceTree = "<group>"; };
		E6B3AD9427AD634100A77D49 /* Controller+Extension.swift */ = {isa = PBXFileReference; lastKnownFileType = sourcecode.swift; path = "Controller+Extension.swift"; sourceTree = "<group>"; };
		E6B3AD9627AD638A00A77D49 /* NetworkManager.swift */ = {isa = PBXFileReference; lastKnownFileType = sourcecode.swift; path = NetworkManager.swift; sourceTree = "<group>"; };
		E6B3AD9827AD639F00A77D49 /* Movie.swift */ = {isa = PBXFileReference; lastKnownFileType = sourcecode.swift; path = Movie.swift; sourceTree = "<group>"; };
		E6B3AD9A27AD63B800A77D49 /* ApiRequest.swift */ = {isa = PBXFileReference; lastKnownFileType = sourcecode.swift; path = ApiRequest.swift; sourceTree = "<group>"; };
		E6B3AD9C27AD63E800A77D49 /* ServiceError.swift */ = {isa = PBXFileReference; lastKnownFileType = sourcecode.swift; path = ServiceError.swift; sourceTree = "<group>"; };
		E6B3AD9E27AD640F00A77D49 /* URLRequest+Extension.swift */ = {isa = PBXFileReference; lastKnownFileType = sourcecode.swift; path = "URLRequest+Extension.swift"; sourceTree = "<group>"; };
		E6B3ADA027AD651A00A77D49 /* EndPoints.swift */ = {isa = PBXFileReference; lastKnownFileType = sourcecode.swift; path = EndPoints.swift; sourceTree = "<group>"; };
		E6B3ADA227AD6B2400A77D49 /* CoreDataManager.swift */ = {isa = PBXFileReference; lastKnownFileType = sourcecode.swift; path = CoreDataManager.swift; sourceTree = "<group>"; };
		E6B3ADA427AD6B5200A77D49 /* MovieCoreDataRepository.swift */ = {isa = PBXFileReference; lastKnownFileType = sourcecode.swift; path = MovieCoreDataRepository.swift; sourceTree = "<group>"; };
		E6B3ADA727AD6CB200A77D49 /* MovieRepository.swift */ = {isa = PBXFileReference; lastKnownFileType = sourcecode.swift; path = MovieRepository.swift; sourceTree = "<group>"; };
		E6B3ADA927AD6D3C00A77D49 /* MoviesResponse.swift */ = {isa = PBXFileReference; lastKnownFileType = sourcecode.swift; path = MoviesResponse.swift; sourceTree = "<group>"; };
		E6B3ADAD27AD84A100A77D49 /* movie_success.json */ = {isa = PBXFileReference; lastKnownFileType = text.json; path = movie_success.json; sourceTree = "<group>"; };
		E6B3ADAE27AD84E900A77D49 /* MockNetworkManager.swift */ = {isa = PBXFileReference; lastKnownFileType = sourcecode.swift; path = MockNetworkManager.swift; sourceTree = "<group>"; };
		E6B3ADB027AD850700A77D49 /* MockCoreDataRepository.swift */ = {isa = PBXFileReference; lastKnownFileType = sourcecode.swift; path = MockCoreDataRepository.swift; sourceTree = "<group>"; };
/* End PBXFileReference section */

/* Begin PBXFrameworksBuildPhase section */
		E6B3AD4327AD600800A77D49 /* Frameworks */ = {
			isa = PBXFrameworksBuildPhase;
			buildActionMask = 2147483647;
			files = (
				E6B3AD7E27AD605500A77D49 /* Kingfisher in Frameworks */,
			);
			runOnlyForDeploymentPostprocessing = 0;
		};
		E6B3AD5C27AD600A00A77D49 /* Frameworks */ = {
			isa = PBXFrameworksBuildPhase;
			buildActionMask = 2147483647;
			files = (
			);
			runOnlyForDeploymentPostprocessing = 0;
		};
		E6B3AD6627AD600A00A77D49 /* Frameworks */ = {
			isa = PBXFrameworksBuildPhase;
			buildActionMask = 2147483647;
			files = (
			);
			runOnlyForDeploymentPostprocessing = 0;
		};
/* End PBXFrameworksBuildPhase section */

/* Begin PBXGroup section */
		E6B3AD3D27AD600800A77D49 = {
			isa = PBXGroup;
			children = (
				E6B3AD4827AD600800A77D49 /* Movies */,
				E6B3AD6227AD600A00A77D49 /* MoviesTests */,
				E6B3AD6C27AD600A00A77D49 /* MoviesUITests */,
				E6B3AD4727AD600800A77D49 /* Products */,
			);
			sourceTree = "<group>";
		};
		E6B3AD4727AD600800A77D49 /* Products */ = {
			isa = PBXGroup;
			children = (
				E6B3AD4627AD600800A77D49 /* Movies.app */,
				E6B3AD5F27AD600A00A77D49 /* MoviesTests.xctest */,
				E6B3AD6927AD600A00A77D49 /* MoviesUITests.xctest */,
			);
			name = Products;
			sourceTree = "<group>";
		};
		E6B3AD4827AD600800A77D49 /* Movies */ = {
			isa = PBXGroup;
			children = (
				E6B3AD8127AD613F00A77D49 /* Utility */,
				E6B3AD8427AD616E00A77D49 /* Modules */,
				E6B3AD8227AD614F00A77D49 /* Networking */,
				E6B3AD8327AD616500A77D49 /* Repository */,
				E6B3AD4927AD600800A77D49 /* AppDelegate.swift */,
				E6B3AD4B27AD600800A77D49 /* SceneDelegate.swift */,
				E6B3AD7F27AD60EC00A77D49 /* Main.storyboard */,
				E6B3AD5527AD600900A77D49 /* Assets.xcassets */,
				E6B3AD5727AD600900A77D49 /* LaunchScreen.storyboard */,
				E6B3AD5A27AD600900A77D49 /* Info.plist */,
			);
			path = Movies;
			sourceTree = "<group>";
		};
		E6B3AD6227AD600A00A77D49 /* MoviesTests */ = {
			isa = PBXGroup;
			children = (
				E6B3ADAB27AD83D800A77D49 /* Json */,
				E6B3AD6327AD600A00A77D49 /* MoviesTests.swift */,
				E6B3ADAE27AD84E900A77D49 /* MockNetworkManager.swift */,
				E6B3ADB027AD850700A77D49 /* MockCoreDataRepository.swift */,
			);
			path = MoviesTests;
			sourceTree = "<group>";
		};
		E6B3AD6C27AD600A00A77D49 /* MoviesUITests */ = {
			isa = PBXGroup;
			children = (
				E6B3AD6D27AD600A00A77D49 /* MoviesUITests.swift */,
				E6B3AD6F27AD600A00A77D49 /* MoviesUITestsLaunchTests.swift */,
			);
			path = MoviesUITests;
			sourceTree = "<group>";
		};
		E6B3AD8127AD613F00A77D49 /* Utility */ = {
			isa = PBXGroup;
			children = (
				E6B3AD9327AD630700A77D49 /* Extensions */,
				E6B3AD9127AD630000A77D49 /* Reachability.swift */,
			);
			path = Utility;
			sourceTree = "<group>";
		};
		E6B3AD8227AD614F00A77D49 /* Networking */ = {
			isa = PBXGroup;
			children = (
				E6B3AD9627AD638A00A77D49 /* NetworkManager.swift */,
				E6B3AD9A27AD63B800A77D49 /* ApiRequest.swift */,
				E6B3AD9C27AD63E800A77D49 /* ServiceError.swift */,
				E6B3ADA027AD651A00A77D49 /* EndPoints.swift */,
			);
			path = Networking;
			sourceTree = "<group>";
		};
		E6B3AD8327AD616500A77D49 /* Repository */ = {
			isa = PBXGroup;
			children = (
				E6B3ADB227AD909B00A77D49 /* CoreData */,
				E6B3ADA627AD6C4200A77D49 /* Model */,
				E6B3ADA727AD6CB200A77D49 /* MovieRepository.swift */,
			);
			path = Repository;
			sourceTree = "<group>";
		};
		E6B3AD8427AD616E00A77D49 /* Modules */ = {
			isa = PBXGroup;
			children = (
				E6B3AD8627AD61F100A77D49 /* MovieDetails */,
				E6B3AD8527AD61DC00A77D49 /* Movies */,
			);
			path = Modules;
			sourceTree = "<group>";
		};
		E6B3AD8527AD61DC00A77D49 /* Movies */ = {
			isa = PBXGroup;
			children = (
				E6B3AD8B27AD627600A77D49 /* MoviesViewModel.swift */,
				E6B3AD4D27AD600800A77D49 /* MoviesViewController.swift */,
				E6B3AD8727AD622500A77D49 /* MovieTableViewCell.swift */,
				E6B3AD9827AD639F00A77D49 /* Movie.swift */,
			);
			path = Movies;
			sourceTree = "<group>";
		};
		E6B3AD8627AD61F100A77D49 /* MovieDetails */ = {
			isa = PBXGroup;
			children = (
				E6B3AD8927AD624D00A77D49 /* MovieDetailsViewController.swift */,
				E6B3AD8D27AD62B800A77D49 /* MovieDetailsViewModel.swift */,
			);
			path = MovieDetails;
			sourceTree = "<group>";
		};
		E6B3AD9327AD630700A77D49 /* Extensions */ = {
			isa = PBXGroup;
			children = (
				E6B3AD8F27AD62E300A77D49 /* SearchBar+Extension.swift */,
				E6B3AD9427AD634100A77D49 /* Controller+Extension.swift */,
				E6B3AD9E27AD640F00A77D49 /* URLRequest+Extension.swift */,
			);
			path = Extensions;
			sourceTree = "<group>";
		};
		E6B3ADA627AD6C4200A77D49 /* Model */ = {
			isa = PBXGroup;
			children = (
				E6B3ADA927AD6D3C00A77D49 /* MoviesResponse.swift */,
			);
			path = Model;
			sourceTree = "<group>";
		};
		E6B3ADAB27AD83D800A77D49 /* Json */ = {
			isa = PBXGroup;
			children = (
				E6B3ADAD27AD84A100A77D49 /* movie_success.json */,
			);
			path = Json;
			sourceTree = "<group>";
		};
		E6B3ADB227AD909B00A77D49 /* CoreData */ = {
			isa = PBXGroup;
			children = (
				E6B3AD5227AD600800A77D49 /* Movies.xcdatamodeld */,
				E6B3ADA227AD6B2400A77D49 /* CoreDataManager.swift */,
				E6B3ADA427AD6B5200A77D49 /* MovieCoreDataRepository.swift */,
			);
			path = CoreData;
			sourceTree = "<group>";
		};
/* End PBXGroup section */

/* Begin PBXNativeTarget section */
		E6B3AD4527AD600800A77D49 /* Movies */ = {
			isa = PBXNativeTarget;
			buildConfigurationList = E6B3AD7327AD600A00A77D49 /* Build configuration list for PBXNativeTarget "Movies" */;
			buildPhases = (
				E6B3AD4227AD600800A77D49 /* Sources */,
				E6B3AD4327AD600800A77D49 /* Frameworks */,
				E6B3AD4427AD600800A77D49 /* Resources */,
			);
			buildRules = (
			);
			dependencies = (
			);
			name = Movies;
			packageProductDependencies = (
				E6B3AD7D27AD605500A77D49 /* Kingfisher */,
			);
			productName = Movies;
			productReference = E6B3AD4627AD600800A77D49 /* Movies.app */;
			productType = "com.apple.product-type.application";
		};
		E6B3AD5E27AD600A00A77D49 /* MoviesTests */ = {
			isa = PBXNativeTarget;
			buildConfigurationList = E6B3AD7627AD600A00A77D49 /* Build configuration list for PBXNativeTarget "MoviesTests" */;
			buildPhases = (
				E6B3AD5B27AD600A00A77D49 /* Sources */,
				E6B3AD5C27AD600A00A77D49 /* Frameworks */,
				E6B3AD5D27AD600A00A77D49 /* Resources */,
			);
			buildRules = (
			);
			dependencies = (
				E6B3AD6127AD600A00A77D49 /* PBXTargetDependency */,
			);
			name = MoviesTests;
			productName = MoviesTests;
			productReference = E6B3AD5F27AD600A00A77D49 /* MoviesTests.xctest */;
			productType = "com.apple.product-type.bundle.unit-test";
		};
		E6B3AD6827AD600A00A77D49 /* MoviesUITests */ = {
			isa = PBXNativeTarget;
			buildConfigurationList = E6B3AD7927AD600A00A77D49 /* Build configuration list for PBXNativeTarget "MoviesUITests" */;
			buildPhases = (
				E6B3AD6527AD600A00A77D49 /* Sources */,
				E6B3AD6627AD600A00A77D49 /* Frameworks */,
				E6B3AD6727AD600A00A77D49 /* Resources */,
			);
			buildRules = (
			);
			dependencies = (
				E6B3AD6B27AD600A00A77D49 /* PBXTargetDependency */,
			);
			name = MoviesUITests;
			productName = MoviesUITests;
			productReference = E6B3AD6927AD600A00A77D49 /* MoviesUITests.xctest */;
			productType = "com.apple.product-type.bundle.ui-testing";
		};
/* End PBXNativeTarget section */

/* Begin PBXProject section */
		E6B3AD3E27AD600800A77D49 /* Project object */ = {
			isa = PBXProject;
			attributes = {
				BuildIndependentTargetsInParallel = 1;
				LastSwiftUpdateCheck = 1320;
				LastUpgradeCheck = 1320;
				TargetAttributes = {
					E6B3AD4527AD600800A77D49 = {
						CreatedOnToolsVersion = 13.2.1;
					};
					E6B3AD5E27AD600A00A77D49 = {
						CreatedOnToolsVersion = 13.2.1;
						TestTargetID = E6B3AD4527AD600800A77D49;
					};
					E6B3AD6827AD600A00A77D49 = {
						CreatedOnToolsVersion = 13.2.1;
						TestTargetID = E6B3AD4527AD600800A77D49;
					};
				};
			};
			buildConfigurationList = E6B3AD4127AD600800A77D49 /* Build configuration list for PBXProject "Movies" */;
			compatibilityVersion = "Xcode 13.0";
			developmentRegion = en;
			hasScannedForEncodings = 0;
			knownRegions = (
				en,
				Base,
			);
			mainGroup = E6B3AD3D27AD600800A77D49;
			packageReferences = (
				E6B3AD7C27AD605500A77D49 /* XCRemoteSwiftPackageReference "Kingfisher" */,
			);
			productRefGroup = E6B3AD4727AD600800A77D49 /* Products */;
			projectDirPath = "";
			projectRoot = "";
			targets = (
				E6B3AD4527AD600800A77D49 /* Movies */,
				E6B3AD5E27AD600A00A77D49 /* MoviesTests */,
				E6B3AD6827AD600A00A77D49 /* MoviesUITests */,
			);
		};
/* End PBXProject section */

/* Begin PBXResourcesBuildPhase section */
		E6B3AD4427AD600800A77D49 /* Resources */ = {
			isa = PBXResourcesBuildPhase;
			buildActionMask = 2147483647;
			files = (
				E6B3AD8027AD60EC00A77D49 /* Main.storyboard in Resources */,
				E6B3AD5927AD600900A77D49 /* LaunchScreen.storyboard in Resources */,
				E6B3AD5627AD600900A77D49 /* Assets.xcassets in Resources */,
			);
			runOnlyForDeploymentPostprocessing = 0;
		};
		E6B3AD5D27AD600A00A77D49 /* Resources */ = {
			isa = PBXResourcesBuildPhase;
			buildActionMask = 2147483647;
			files = (
				E6B3ADB727AD9EDA00A77D49 /* movie_success.json in Resources */,
			);
			runOnlyForDeploymentPostprocessing = 0;
		};
		E6B3AD6727AD600A00A77D49 /* Resources */ = {
			isa = PBXResourcesBuildPhase;
			buildActionMask = 2147483647;
			files = (
			);
			runOnlyForDeploymentPostprocessing = 0;
		};
/* End PBXResourcesBuildPhase section */

/* Begin PBXSourcesBuildPhase section */
		E6B3AD4227AD600800A77D49 /* Sources */ = {
			isa = PBXSourcesBuildPhase;
			buildActionMask = 2147483647;
			files = (
				E6B3AD9D27AD63E800A77D49 /* ServiceError.swift in Sources */,
				E6B3AD9727AD638A00A77D49 /* NetworkManager.swift in Sources */,
				E6B3AD8E27AD62B800A77D49 /* MovieDetailsViewModel.swift in Sources */,
				E6B3AD8827AD622500A77D49 /* MovieTableViewCell.swift in Sources */,
				E6B3AD4E27AD600800A77D49 /* MoviesViewController.swift in Sources */,
				E6B3AD9527AD634100A77D49 /* Controller+Extension.swift in Sources */,
				E6B3ADA327AD6B2400A77D49 /* CoreDataManager.swift in Sources */,
				E6B3ADA527AD6B5200A77D49 /* MovieCoreDataRepository.swift in Sources */,
				E6B3ADA827AD6CB200A77D49 /* MovieRepository.swift in Sources */,
				E6B3AD8A27AD624D00A77D49 /* MovieDetailsViewController.swift in Sources */,
				E6B3AD4A27AD600800A77D49 /* AppDelegate.swift in Sources */,
				E6B3AD8C27AD627600A77D49 /* MoviesViewModel.swift in Sources */,
				E6B3AD9F27AD640F00A77D49 /* URLRequest+Extension.swift in Sources */,
				E6B3ADA127AD651A00A77D49 /* EndPoints.swift in Sources */,
				E6B3AD9927AD639F00A77D49 /* Movie.swift in Sources */,
				E6B3AD5427AD600800A77D49 /* Movies.xcdatamodeld in Sources */,
				E6B3AD9027AD62E300A77D49 /* SearchBar+Extension.swift in Sources */,
				E6B3ADAA27AD6D3C00A77D49 /* MoviesResponse.swift in Sources */,
				E6B3AD9227AD630000A77D49 /* Reachability.swift in Sources */,
				E6B3AD9B27AD63B800A77D49 /* ApiRequest.swift in Sources */,
				E6B3AD4C27AD600800A77D49 /* SceneDelegate.swift in Sources */,
			);
			runOnlyForDeploymentPostprocessing = 0;
		};
		E6B3AD5B27AD600A00A77D49 /* Sources */ = {
			isa = PBXSourcesBuildPhase;
			buildActionMask = 2147483647;
			files = (
				E6B3ADAF27AD84E900A77D49 /* MockNetworkManager.swift in Sources */,
				E6B3AD6427AD600A00A77D49 /* MoviesTests.swift in Sources */,
				E6B3ADB127AD850700A77D49 /* MockCoreDataRepository.swift in Sources */,
			);
			runOnlyForDeploymentPostprocessing = 0;
		};
		E6B3AD6527AD600A00A77D49 /* Sources */ = {
			isa = PBXSourcesBuildPhase;
			buildActionMask = 2147483647;
			files = (
				E6B3AD6E27AD600A00A77D49 /* MoviesUITests.swift in Sources */,
				E6B3AD7027AD600A00A77D49 /* MoviesUITestsLaunchTests.swift in Sources */,
			);
			runOnlyForDeploymentPostprocessing = 0;
		};
/* End PBXSourcesBuildPhase section */

/* Begin PBXTargetDependency section */
		E6B3AD6127AD600A00A77D49 /* PBXTargetDependency */ = {
			isa = PBXTargetDependency;
			target = E6B3AD4527AD600800A77D49 /* Movies */;
			targetProxy = E6B3AD6027AD600A00A77D49 /* PBXContainerItemProxy */;
		};
		E6B3AD6B27AD600A00A77D49 /* PBXTargetDependency */ = {
			isa = PBXTargetDependency;
			target = E6B3AD4527AD600800A77D49 /* Movies */;
			targetProxy = E6B3AD6A27AD600A00A77D49 /* PBXContainerItemProxy */;
		};
/* End PBXTargetDependency section */

/* Begin PBXVariantGroup section */
		E6B3AD5727AD600900A77D49 /* LaunchScreen.storyboard */ = {
			isa = PBXVariantGroup;
			children = (
				E6B3AD5827AD600900A77D49 /* Base */,
			);
			name = LaunchScreen.storyboard;
			sourceTree = "<group>";
		};
/* End PBXVariantGroup section */

/* Begin XCBuildConfiguration section */
		E6B3AD7127AD600A00A77D49 /* Debug */ = {
			isa = XCBuildConfiguration;
			buildSettings = {
				ALWAYS_SEARCH_USER_PATHS = NO;
				CLANG_ANALYZER_NONNULL = YES;
				CLANG_ANALYZER_NUMBER_OBJECT_CONVERSION = YES_AGGRESSIVE;
				CLANG_CXX_LANGUAGE_STANDARD = "gnu++17";
				CLANG_CXX_LIBRARY = "libc++";
				CLANG_ENABLE_MODULES = YES;
				CLANG_ENABLE_OBJC_ARC = YES;
				CLANG_ENABLE_OBJC_WEAK = YES;
				CLANG_WARN_BLOCK_CAPTURE_AUTORELEASING = YES;
				CLANG_WARN_BOOL_CONVERSION = YES;
				CLANG_WARN_COMMA = YES;
				CLANG_WARN_CONSTANT_CONVERSION = YES;
				CLANG_WARN_DEPRECATED_OBJC_IMPLEMENTATIONS = YES;
				CLANG_WARN_DIRECT_OBJC_ISA_USAGE = YES_ERROR;
				CLANG_WARN_DOCUMENTATION_COMMENTS = YES;
				CLANG_WARN_EMPTY_BODY = YES;
				CLANG_WARN_ENUM_CONVERSION = YES;
				CLANG_WARN_INFINITE_RECURSION = YES;
				CLANG_WARN_INT_CONVERSION = YES;
				CLANG_WARN_NON_LITERAL_NULL_CONVERSION = YES;
				CLANG_WARN_OBJC_IMPLICIT_RETAIN_SELF = YES;
				CLANG_WARN_OBJC_LITERAL_CONVERSION = YES;
				CLANG_WARN_OBJC_ROOT_CLASS = YES_ERROR;
				CLANG_WARN_QUOTED_INCLUDE_IN_FRAMEWORK_HEADER = YES;
				CLANG_WARN_RANGE_LOOP_ANALYSIS = YES;
				CLANG_WARN_STRICT_PROTOTYPES = YES;
				CLANG_WARN_SUSPICIOUS_MOVE = YES;
				CLANG_WARN_UNGUARDED_AVAILABILITY = YES_AGGRESSIVE;
				CLANG_WARN_UNREACHABLE_CODE = YES;
				CLANG_WARN__DUPLICATE_METHOD_MATCH = YES;
				COPY_PHASE_STRIP = NO;
				DEBUG_INFORMATION_FORMAT = dwarf;
				ENABLE_STRICT_OBJC_MSGSEND = YES;
				ENABLE_TESTABILITY = YES;
				GCC_C_LANGUAGE_STANDARD = gnu11;
				GCC_DYNAMIC_NO_PIC = NO;
				GCC_NO_COMMON_BLOCKS = YES;
				GCC_OPTIMIZATION_LEVEL = 0;
				GCC_PREPROCESSOR_DEFINITIONS = (
					"DEBUG=1",
					"$(inherited)",
				);
				GCC_WARN_64_TO_32_BIT_CONVERSION = YES;
				GCC_WARN_ABOUT_RETURN_TYPE = YES_ERROR;
				GCC_WARN_UNDECLARED_SELECTOR = YES;
				GCC_WARN_UNINITIALIZED_AUTOS = YES_AGGRESSIVE;
				GCC_WARN_UNUSED_FUNCTION = YES;
				GCC_WARN_UNUSED_VARIABLE = YES;
				IPHONEOS_DEPLOYMENT_TARGET = 15.2;
				MTL_ENABLE_DEBUG_INFO = INCLUDE_SOURCE;
				MTL_FAST_MATH = YES;
				ONLY_ACTIVE_ARCH = YES;
				SDKROOT = iphoneos;
				SWIFT_ACTIVE_COMPILATION_CONDITIONS = DEBUG;
				SWIFT_OPTIMIZATION_LEVEL = "-Onone";
			};
			name = Debug;
		};
		E6B3AD7227AD600A00A77D49 /* Release */ = {
			isa = XCBuildConfiguration;
			buildSettings = {
				ALWAYS_SEARCH_USER_PATHS = NO;
				CLANG_ANALYZER_NONNULL = YES;
				CLANG_ANALYZER_NUMBER_OBJECT_CONVERSION = YES_AGGRESSIVE;
				CLANG_CXX_LANGUAGE_STANDARD = "gnu++17";
				CLANG_CXX_LIBRARY = "libc++";
				CLANG_ENABLE_MODULES = YES;
				CLANG_ENABLE_OBJC_ARC = YES;
				CLANG_ENABLE_OBJC_WEAK = YES;
				CLANG_WARN_BLOCK_CAPTURE_AUTORELEASING = YES;
				CLANG_WARN_BOOL_CONVERSION = YES;
				CLANG_WARN_COMMA = YES;
				CLANG_WARN_CONSTANT_CONVERSION = YES;
				CLANG_WARN_DEPRECATED_OBJC_IMPLEMENTATIONS = YES;
				CLANG_WARN_DIRECT_OBJC_ISA_USAGE = YES_ERROR;
				CLANG_WARN_DOCUMENTATION_COMMENTS = YES;
				CLANG_WARN_EMPTY_BODY = YES;
				CLANG_WARN_ENUM_CONVERSION = YES;
				CLANG_WARN_INFINITE_RECURSION = YES;
				CLANG_WARN_INT_CONVERSION = YES;
				CLANG_WARN_NON_LITERAL_NULL_CONVERSION = YES;
				CLANG_WARN_OBJC_IMPLICIT_RETAIN_SELF = YES;
				CLANG_WARN_OBJC_LITERAL_CONVERSION = YES;
				CLANG_WARN_OBJC_ROOT_CLASS = YES_ERROR;
				CLANG_WARN_QUOTED_INCLUDE_IN_FRAMEWORK_HEADER = YES;
				CLANG_WARN_RANGE_LOOP_ANALYSIS = YES;
				CLANG_WARN_STRICT_PROTOTYPES = YES;
				CLANG_WARN_SUSPICIOUS_MOVE = YES;
				CLANG_WARN_UNGUARDED_AVAILABILITY = YES_AGGRESSIVE;
				CLANG_WARN_UNREACHABLE_CODE = YES;
				CLANG_WARN__DUPLICATE_METHOD_MATCH = YES;
				COPY_PHASE_STRIP = NO;
				DEBUG_INFORMATION_FORMAT = "dwarf-with-dsym";
				ENABLE_NS_ASSERTIONS = NO;
				ENABLE_STRICT_OBJC_MSGSEND = YES;
				GCC_C_LANGUAGE_STANDARD = gnu11;
				GCC_NO_COMMON_BLOCKS = YES;
				GCC_WARN_64_TO_32_BIT_CONVERSION = YES;
				GCC_WARN_ABOUT_RETURN_TYPE = YES_ERROR;
				GCC_WARN_UNDECLARED_SELECTOR = YES;
				GCC_WARN_UNINITIALIZED_AUTOS = YES_AGGRESSIVE;
				GCC_WARN_UNUSED_FUNCTION = YES;
				GCC_WARN_UNUSED_VARIABLE = YES;
				IPHONEOS_DEPLOYMENT_TARGET = 15.2;
				MTL_ENABLE_DEBUG_INFO = NO;
				MTL_FAST_MATH = YES;
				SDKROOT = iphoneos;
				SWIFT_COMPILATION_MODE = wholemodule;
				SWIFT_OPTIMIZATION_LEVEL = "-O";
				VALIDATE_PRODUCT = YES;
			};
			name = Release;
		};
		E6B3AD7427AD600A00A77D49 /* Debug */ = {
			isa = XCBuildConfiguration;
			buildSettings = {
				ASSETCATALOG_COMPILER_APPICON_NAME = AppIcon;
				ASSETCATALOG_COMPILER_GLOBAL_ACCENT_COLOR_NAME = AccentColor;
				CODE_SIGN_STYLE = Automatic;
				CURRENT_PROJECT_VERSION = 1;
				DEVELOPMENT_TEAM = SF7ZMMZN8D;
				GENERATE_INFOPLIST_FILE = YES;
				INFOPLIST_FILE = Movies/Info.plist;
				INFOPLIST_KEY_UIApplicationSupportsIndirectInputEvents = YES;
				INFOPLIST_KEY_UILaunchStoryboardName = LaunchScreen;
				INFOPLIST_KEY_UIMainStoryboardFile = Main;
				INFOPLIST_KEY_UISupportedInterfaceOrientations_iPad = "UIInterfaceOrientationPortrait UIInterfaceOrientationPortraitUpsideDown UIInterfaceOrientationLandscapeLeft UIInterfaceOrientationLandscapeRight";
				INFOPLIST_KEY_UISupportedInterfaceOrientations_iPhone = "UIInterfaceOrientationPortrait UIInterfaceOrientationLandscapeLeft UIInterfaceOrientationLandscapeRight";
				LD_RUNPATH_SEARCH_PATHS = (
					"$(inherited)",
					"@executable_path/Frameworks",
				);
				MARKETING_VERSION = 1.0;
				PRODUCT_BUNDLE_IDENTIFIER = "com.Me-Ghost.Movies";
				PRODUCT_NAME = "$(TARGET_NAME)";
				SWIFT_EMIT_LOC_STRINGS = YES;
				SWIFT_VERSION = 5.0;
				TARGETED_DEVICE_FAMILY = "1,2";
			};
			name = Debug;
		};
		E6B3AD7527AD600A00A77D49 /* Release */ = {
			isa = XCBuildConfiguration;
			buildSettings = {
				ASSETCATALOG_COMPILER_APPICON_NAME = AppIcon;
				ASSETCATALOG_COMPILER_GLOBAL_ACCENT_COLOR_NAME = AccentColor;
				CODE_SIGN_STYLE = Automatic;
				CURRENT_PROJECT_VERSION = 1;
				DEVELOPMENT_TEAM = SF7ZMMZN8D;
				GENERATE_INFOPLIST_FILE = YES;
				INFOPLIST_FILE = Movies/Info.plist;
				INFOPLIST_KEY_UIApplicationSupportsIndirectInputEvents = YES;
				INFOPLIST_KEY_UILaunchStoryboardName = LaunchScreen;
				INFOPLIST_KEY_UIMainStoryboardFile = Main;
				INFOPLIST_KEY_UISupportedInterfaceOrientations_iPad = "UIInterfaceOrientationPortrait UIInterfaceOrientationPortraitUpsideDown UIInterfaceOrientationLandscapeLeft UIInterfaceOrientationLandscapeRight";
				INFOPLIST_KEY_UISupportedInterfaceOrientations_iPhone = "UIInterfaceOrientationPortrait UIInterfaceOrientationLandscapeLeft UIInterfaceOrientationLandscapeRight";
				LD_RUNPATH_SEARCH_PATHS = (
					"$(inherited)",
					"@executable_path/Frameworks",
				);
				MARKETING_VERSION = 1.0;
				PRODUCT_BUNDLE_IDENTIFIER = "com.Me-Ghost.Movies";
				PRODUCT_NAME = "$(TARGET_NAME)";
				SWIFT_EMIT_LOC_STRINGS = YES;
				SWIFT_VERSION = 5.0;
				TARGETED_DEVICE_FAMILY = "1,2";
			};
			name = Release;
		};
		E6B3AD7727AD600A00A77D49 /* Debug */ = {
			isa = XCBuildConfiguration;
			buildSettings = {
				ALWAYS_EMBED_SWIFT_STANDARD_LIBRARIES = YES;
				BUNDLE_LOADER = "$(TEST_HOST)";
				CODE_SIGN_STYLE = Automatic;
				CURRENT_PROJECT_VERSION = 1;
				DEVELOPMENT_TEAM = SF7ZMMZN8D;
				GENERATE_INFOPLIST_FILE = YES;
				IPHONEOS_DEPLOYMENT_TARGET = 15.2;
				MARKETING_VERSION = 1.0;
				PRODUCT_BUNDLE_IDENTIFIER = "com.Me-Ghost.MoviesTests";
				PRODUCT_NAME = "$(TARGET_NAME)";
				SWIFT_EMIT_LOC_STRINGS = NO;
				SWIFT_VERSION = 5.0;
				TARGETED_DEVICE_FAMILY = "1,2";
				TEST_HOST = "$(BUILT_PRODUCTS_DIR)/Movies.app/Movies";
			};
			name = Debug;
		};
		E6B3AD7827AD600A00A77D49 /* Release */ = {
			isa = XCBuildConfiguration;
			buildSettings = {
				ALWAYS_EMBED_SWIFT_STANDARD_LIBRARIES = YES;
				BUNDLE_LOADER = "$(TEST_HOST)";
				CODE_SIGN_STYLE = Automatic;
				CURRENT_PROJECT_VERSION = 1;
				DEVELOPMENT_TEAM = SF7ZMMZN8D;
				GENERATE_INFOPLIST_FILE = YES;
				IPHONEOS_DEPLOYMENT_TARGET = 15.2;
				MARKETING_VERSION = 1.0;
				PRODUCT_BUNDLE_IDENTIFIER = "com.Me-Ghost.MoviesTests";
				PRODUCT_NAME = "$(TARGET_NAME)";
				SWIFT_EMIT_LOC_STRINGS = NO;
				SWIFT_VERSION = 5.0;
				TARGETED_DEVICE_FAMILY = "1,2";
				TEST_HOST = "$(BUILT_PRODUCTS_DIR)/Movies.app/Movies";
			};
			name = Release;
		};
		E6B3AD7A27AD600A00A77D49 /* Debug */ = {
			isa = XCBuildConfiguration;
			buildSettings = {
				ALWAYS_EMBED_SWIFT_STANDARD_LIBRARIES = YES;
				CODE_SIGN_STYLE = Automatic;
				CURRENT_PROJECT_VERSION = 1;
				DEVELOPMENT_TEAM = SF7ZMMZN8D;
				GENERATE_INFOPLIST_FILE = YES;
				MARKETING_VERSION = 1.0;
				PRODUCT_BUNDLE_IDENTIFIER = "com.Me-Ghost.MoviesUITests";
				PRODUCT_NAME = "$(TARGET_NAME)";
				SWIFT_EMIT_LOC_STRINGS = NO;
				SWIFT_VERSION = 5.0;
				TARGETED_DEVICE_FAMILY = "1,2";
				TEST_TARGET_NAME = Movies;
			};
			name = Debug;
		};
		E6B3AD7B27AD600A00A77D49 /* Release */ = {
			isa = XCBuildConfiguration;
			buildSettings = {
				ALWAYS_EMBED_SWIFT_STANDARD_LIBRARIES = YES;
				CODE_SIGN_STYLE = Automatic;
				CURRENT_PROJECT_VERSION = 1;
				DEVELOPMENT_TEAM = SF7ZMMZN8D;
				GENERATE_INFOPLIST_FILE = YES;
				MARKETING_VERSION = 1.0;
				PRODUCT_BUNDLE_IDENTIFIER = "com.Me-Ghost.MoviesUITests";
				PRODUCT_NAME = "$(TARGET_NAME)";
				SWIFT_EMIT_LOC_STRINGS = NO;
				SWIFT_VERSION = 5.0;
				TARGETED_DEVICE_FAMILY = "1,2";
				TEST_TARGET_NAME = Movies;
			};
			name = Release;
		};
/* End XCBuildConfiguration section */

/* Begin XCConfigurationList section */
		E6B3AD4127AD600800A77D49 /* Build configuration list for PBXProject "Movies" */ = {
			isa = XCConfigurationList;
			buildConfigurations = (
				E6B3AD7127AD600A00A77D49 /* Debug */,
				E6B3AD7227AD600A00A77D49 /* Release */,
			);
			defaultConfigurationIsVisible = 0;
			defaultConfigurationName = Release;
		};
		E6B3AD7327AD600A00A77D49 /* Build configuration list for PBXNativeTarget "Movies" */ = {
			isa = XCConfigurationList;
			buildConfigurations = (
				E6B3AD7427AD600A00A77D49 /* Debug */,
				E6B3AD7527AD600A00A77D49 /* Release */,
			);
			defaultConfigurationIsVisible = 0;
			defaultConfigurationName = Release;
		};
		E6B3AD7627AD600A00A77D49 /* Build configuration list for PBXNativeTarget "MoviesTests" */ = {
			isa = XCConfigurationList;
			buildConfigurations = (
				E6B3AD7727AD600A00A77D49 /* Debug */,
				E6B3AD7827AD600A00A77D49 /* Release */,
			);
			defaultConfigurationIsVisible = 0;
			defaultConfigurationName = Release;
		};
		E6B3AD7927AD600A00A77D49 /* Build configuration list for PBXNativeTarget "MoviesUITests" */ = {
			isa = XCConfigurationList;
			buildConfigurations = (
				E6B3AD7A27AD600A00A77D49 /* Debug */,
				E6B3AD7B27AD600A00A77D49 /* Release */,
			);
			defaultConfigurationIsVisible = 0;
			defaultConfigurationName = Release;
		};
/* End XCConfigurationList section */

/* Begin XCRemoteSwiftPackageReference section */
		E6B3AD7C27AD605500A77D49 /* XCRemoteSwiftPackageReference "Kingfisher" */ = {
			isa = XCRemoteSwiftPackageReference;
			repositoryURL = "https://github.com/onevcat/Kingfisher";
			requirement = {
				branch = master;
				kind = branch;
			};
		};
/* End XCRemoteSwiftPackageReference section */

/* Begin XCSwiftPackageProductDependency section */
		E6B3AD7D27AD605500A77D49 /* Kingfisher */ = {
			isa = XCSwiftPackageProductDependency;
			package = E6B3AD7C27AD605500A77D49 /* XCRemoteSwiftPackageReference "Kingfisher" */;
			productName = Kingfisher;
		};
/* End XCSwiftPackageProductDependency section */

/* Begin XCVersionGroup section */
		E6B3AD5227AD600800A77D49 /* Movies.xcdatamodeld */ = {
			isa = XCVersionGroup;
			children = (
				E6B3AD5327AD600800A77D49 /* Movies.xcdatamodel */,
			);
			currentVersion = E6B3AD5327AD600800A77D49 /* Movies.xcdatamodel */;
			path = Movies.xcdatamodeld;
			sourceTree = "<group>";
			versionGroupType = wrapper.xcdatamodel;
		};
/* End XCVersionGroup section */
	};
	rootObject = E6B3AD3E27AD600800A77D49 /* Project object */;
}
